
Microsoft Visual Studio Solution File, Format Version 12.00
# Visual Studio Version 16
VisualStudioVersion = 16.0.31025.194
MinimumVisualStudioVersion = 10.0.40219.1
Project("{FAE04EC0-301F-11D3-BF4B-00C04F79EFBC}") = "Zadanie17", "Zadanie17.csproj", "{CCFDC3AC-9542-49BA-A2D6-CC773AC37D17}"
EndProject
Global
	GlobalSection(SolutionConfigurationPlatforms) = preSolution
		Debug|Any CPU = Debug|Any CPU
		Release|Any CPU = Release|Any CPU
	EndGlobalSection
	GlobalSection(ProjectConfigurationPlatforms) = postSolution
		{CCFDC3AC-9542-49BA-A2D6-CC773AC37D17}.Debug|Any CPU.ActiveCfg = Debug|Any CPU
		{CCFDC3AC-9542-49BA-A2D6-CC773AC37D17}.Debug|Any CPU.Build.0 = Debug|Any CPU
		{CCFDC3AC-9542-49BA-A2D6-CC773AC37D17}.Release|Any CPU.ActiveCfg = Release|Any CPU
		{CCFDC3AC-9542-49BA-A2D6-CC773AC37D17}.Release|Any CPU.Build.0 = Release|Any CPU
	EndGlobalSection
	GlobalSection(SolutionProperties) = preSolution
		HideSolutionNode = FALSE
	EndGlobalSection
	GlobalSection(ExtensibilityGlobals) = postSolution
		SolutionGuid = {6C09B5E8-AC79-42FB-995B-74E4C6EBF430}
	EndGlobalSection
EndGlobal
