
Microsoft Visual Studio Solution File, Format Version 12.00
# Visual Studio Version 16
VisualStudioVersion = 16.0.31025.194
MinimumVisualStudioVersion = 10.0.40219.1
Project("{FAE04EC0-301F-11D3-BF4B-00C04F79EFBC}") = "Zadanie9", "Zadanie9.csproj", "{0AD87450-32FE-471C-A4BF-6843C50A761C}"
EndProject
Global
	GlobalSection(SolutionConfigurationPlatforms) = preSolution
		Debug|Any CPU = Debug|Any CPU
		Release|Any CPU = Release|Any CPU
	EndGlobalSection
	GlobalSection(ProjectConfigurationPlatforms) = postSolution
		{0AD87450-32FE-471C-A4BF-6843C50A761C}.Debug|Any CPU.ActiveCfg = Debug|Any CPU
		{0AD87450-32FE-471C-A4BF-6843C50A761C}.Debug|Any CPU.Build.0 = Debug|Any CPU
		{0AD87450-32FE-471C-A4BF-6843C50A761C}.Release|Any CPU.ActiveCfg = Release|Any CPU
		{0AD87450-32FE-471C-A4BF-6843C50A761C}.Release|Any CPU.Build.0 = Release|Any CPU
	EndGlobalSection
	GlobalSection(SolutionProperties) = preSolution
		HideSolutionNode = FALSE
	EndGlobalSection
	GlobalSection(ExtensibilityGlobals) = postSolution
		SolutionGuid = {89B63401-A3A0-407F-B198-5835E14F3B26}
	EndGlobalSection
EndGlobal
