
Microsoft Visual Studio Solution File, Format Version 12.00
# Visual Studio Version 16
VisualStudioVersion = 16.0.31025.194
MinimumVisualStudioVersion = 10.0.40219.1
Project("{FAE04EC0-301F-11D3-BF4B-00C04F79EFBC}") = "Zadanie8", "Zadanie8.csproj", "{91DCEE7F-8DF3-4E2D-AC92-28C0EFC27634}"
EndProject
Global
	GlobalSection(SolutionConfigurationPlatforms) = preSolution
		Debug|Any CPU = Debug|Any CPU
		Release|Any CPU = Release|Any CPU
	EndGlobalSection
	GlobalSection(ProjectConfigurationPlatforms) = postSolution
		{91DCEE7F-8DF3-4E2D-AC92-28C0EFC27634}.Debug|Any CPU.ActiveCfg = Debug|Any CPU
		{91DCEE7F-8DF3-4E2D-AC92-28C0EFC27634}.Debug|Any CPU.Build.0 = Debug|Any CPU
		{91DCEE7F-8DF3-4E2D-AC92-28C0EFC27634}.Release|Any CPU.ActiveCfg = Release|Any CPU
		{91DCEE7F-8DF3-4E2D-AC92-28C0EFC27634}.Release|Any CPU.Build.0 = Release|Any CPU
	EndGlobalSection
	GlobalSection(SolutionProperties) = preSolution
		HideSolutionNode = FALSE
	EndGlobalSection
	GlobalSection(ExtensibilityGlobals) = postSolution
		SolutionGuid = {6B5C0BDD-30CE-46FA-86D1-CF8740EB420A}
	EndGlobalSection
EndGlobal
