
Microsoft Visual Studio Solution File, Format Version 12.00
# Visual Studio Version 16
VisualStudioVersion = 16.0.31025.194
MinimumVisualStudioVersion = 10.0.40219.1
Project("{FAE04EC0-301F-11D3-BF4B-00C04F79EFBC}") = "Zadanie7", "Zadanie7.csproj", "{DC6F515C-86DB-4503-8304-DB94047674D2}"
EndProject
Global
	GlobalSection(SolutionConfigurationPlatforms) = preSolution
		Debug|Any CPU = Debug|Any CPU
		Release|Any CPU = Release|Any CPU
	EndGlobalSection
	GlobalSection(ProjectConfigurationPlatforms) = postSolution
		{DC6F515C-86DB-4503-8304-DB94047674D2}.Debug|Any CPU.ActiveCfg = Debug|Any CPU
		{DC6F515C-86DB-4503-8304-DB94047674D2}.Debug|Any CPU.Build.0 = Debug|Any CPU
		{DC6F515C-86DB-4503-8304-DB94047674D2}.Release|Any CPU.ActiveCfg = Release|Any CPU
		{DC6F515C-86DB-4503-8304-DB94047674D2}.Release|Any CPU.Build.0 = Release|Any CPU
	EndGlobalSection
	GlobalSection(SolutionProperties) = preSolution
		HideSolutionNode = FALSE
	EndGlobalSection
	GlobalSection(ExtensibilityGlobals) = postSolution
		SolutionGuid = {073EBBD2-0954-46A5-B187-CB2EC6C23692}
	EndGlobalSection
EndGlobal
